
Microsoft Visual Studio Solution File, Format Version 12.00
# Visual Studio Version 16
VisualStudioVersion = 16.0.30011.22
MinimumVisualStudioVersion = 10.0.40219.1
Project("{FAE04EC0-301F-11D3-BF4B-00C04F79EFBC}") = "DatingApp.API", "DatingApp.API.csproj", "{D0EE451A-C4BF-4F43-A4E3-39F14A2EFB8C}"
EndProject
Global
	GlobalSection(SolutionConfigurationPlatforms) = preSolution
		Debug|Any CPU = Debug|Any CPU
		Release|Any CPU = Release|Any CPU
	EndGlobalSection
	GlobalSection(ProjectConfigurationPlatforms) = postSolution
		{D0EE451A-C4BF-4F43-A4E3-39F14A2EFB8C}.Debug|Any CPU.ActiveCfg = Debug|Any CPU
		{D0EE451A-C4BF-4F43-A4E3-39F14A2EFB8C}.Debug|Any CPU.Build.0 = Debug|Any CPU
		{D0EE451A-C4BF-4F43-A4E3-39F14A2EFB8C}.Release|Any CPU.ActiveCfg = Release|Any CPU
		{D0EE451A-C4BF-4F43-A4E3-39F14A2EFB8C}.Release|Any CPU.Build.0 = Release|Any CPU
	EndGlobalSection
	GlobalSection(SolutionProperties) = preSolution
		HideSolutionNode = FALSE
	EndGlobalSection
	GlobalSection(ExtensibilityGlobals) = postSolution
		SolutionGuid = {77227AB2-FB9C-48AE-9A13-E7EF08A52934}
	EndGlobalSection
EndGlobal
